{
  "name": "Chatbot",
  "lockfileVersion": 3,
  "requires": true,
  "packages": {
    "": {
      "dependencies": {
        "@tauri-apps/plugin-http": "^2.5.6"
      }
    },
    "node_modules/@tauri-apps/api": {
      "version": "2.9.1",
      "resolved": "https://registry.npmjs.org/@tauri-apps/api/-/api-2.9.1.tgz",
      "integrity": "sha512-IGlhP6EivjXHepbBic618GOmiWe4URJiIeZFlB7x3czM0yDHHYviH1Xvoiv4FefdkQtn6v7TuwWCRfOGdnVUGw==",
      "license": "Apache-2.0 OR MIT",
      "funding": {
        "type": "opencollective",
        "url": "https://opencollective.com/tauri"
      }
    },
    "node_modules/@tauri-apps/plugin-http": {
      "version": "2.5.6",
      "resolved": "https://registry.npmjs.org/@tauri-apps/plugin-http/-/plugin-http-2.5.6.tgz",
      "integrity": "sha512-KhCK3TDNDF4vdz75/j+KNQipYKf+295Visa8r32QcXScg0+D3JwShcCM6D+FN8WuDF24X3KSiAB8QtRxW6jKRA==",
      "license": "MIT OR Apache-2.0",
      "dependencies": {
        "@tauri-apps/api": "^2.8.0"
      }
    }
  }
}
